// !$*UTF8*$!
{
	archiveVersion = 1;
	classes = {
	};
	objectVersion = 56;
	objects = {

/* Begin PBXBuildFile section */
		306CC9082AC3240100DE65AD /* iDine_4App.swift in Sources */ = {isa = PBXBuildFile; fileRef = 306CC9072AC3240100DE65AD /* iDine_4App.swift */; };
		306CC90A2AC3240100DE65AD /* ContentView.swift in Sources */ = {isa = PBXBuildFile; fileRef = 306CC9092AC3240100DE65AD /* ContentView.swift */; };
		306CC90C2AC3240200DE65AD /* Assets.xcassets in Resources */ = {isa = PBXBuildFile; fileRef = 306CC90B2AC3240200DE65AD /* Assets.xcassets */; };
		306CC90F2AC3240200DE65AD /* Preview Assets.xcassets in Resources */ = {isa = PBXBuildFile; fileRef = 306CC90E2AC3240200DE65AD /* Preview Assets.xcassets */; };
		306CC9192AC3240200DE65AD /* iDine_4Tests.swift in Sources */ = {isa = PBXBuildFile; fileRef = 306CC9182AC3240200DE65AD /* iDine_4Tests.swift */; };
		306CC9232AC3240200DE65AD /* iDine_4UITests.swift in Sources */ = {isa = PBXBuildFile; fileRef = 306CC9222AC3240200DE65AD /* iDine_4UITests.swift */; };
		306CC9252AC3240200DE65AD /* iDine_4UITestsLaunchTests.swift in Sources */ = {isa = PBXBuildFile; fileRef = 306CC9242AC3240200DE65AD /* iDine_4UITestsLaunchTests.swift */; };
		306CC9322AC327E100DE65AD /* Helper.swift in Sources */ = {isa = PBXBuildFile; fileRef = 306CC9312AC327E100DE65AD /* Helper.swift */; };
		306CC9342AC3280400DE65AD /* menu.json in Resources */ = {isa = PBXBuildFile; fileRef = 306CC9332AC3280400DE65AD /* menu.json */; };
		306CC9362AC3280B00DE65AD /* Menu.swift in Sources */ = {isa = PBXBuildFile; fileRef = 306CC9352AC3280B00DE65AD /* Menu.swift */; };
		306CC9382AC3281200DE65AD /* Order.swift in Sources */ = {isa = PBXBuildFile; fileRef = 306CC9372AC3281200DE65AD /* Order.swift */; };
		30806BE22AD7811800B230F4 /* ItemRow.swift in Sources */ = {isa = PBXBuildFile; fileRef = 30806BE12AD7811800B230F4 /* ItemRow.swift */; };
		30806BE42AD78E5100B230F4 /* ItemDetail.swift in Sources */ = {isa = PBXBuildFile; fileRef = 30806BE32AD78E5100B230F4 /* ItemDetail.swift */; };
		30806BE62AD791D600B230F4 /* OrderView.swift in Sources */ = {isa = PBXBuildFile; fileRef = 30806BE52AD791D600B230F4 /* OrderView.swift */; };
		30806BE82AD827B800B230F4 /* CheckOutView.swift in Sources */ = {isa = PBXBuildFile; fileRef = 30806BE72AD827B800B230F4 /* CheckOutView.swift */; };
		3091002F2AE6C16000F01AC1 /* BottomBar.swift in Sources */ = {isa = PBXBuildFile; fileRef = 3091002E2AE6C16000F01AC1 /* BottomBar.swift */; };
/* End PBXBuildFile section */

/* Begin PBXContainerItemProxy section */
		306CC9152AC3240200DE65AD /* PBXContainerItemProxy */ = {
			isa = PBXContainerItemProxy;
			containerPortal = 306CC8FC2AC3240000DE65AD /* Project object */;
			proxyType = 1;
			remoteGlobalIDString = 306CC9032AC3240100DE65AD;
			remoteInfo = "iDine 4";
		};
		306CC91F2AC3240200DE65AD /* PBXContainerItemProxy */ = {
			isa = PBXContainerItemProxy;
			containerPortal = 306CC8FC2AC3240000DE65AD /* Project object */;
			proxyType = 1;
			remoteGlobalIDString = 306CC9032AC3240100DE65AD;
			remoteInfo = "iDine 4";
		};
/* End PBXContainerItemProxy section */

/* Begin PBXFileReference section */
		306CC9042AC3240100DE65AD /* iDine 4.app */ = {isa = PBXFileReference; explicitFileType = wrapper.application; includeInIndex = 0; path = "iDine 4.app"; sourceTree = BUILT_PRODUCTS_DIR; };
		306CC9072AC3240100DE65AD /* iDine_4App.swift */ = {isa = PBXFileReference; lastKnownFileType = sourcecode.swift; path = iDine_4App.swift; sourceTree = "<group>"; };
		306CC9092AC3240100DE65AD /* ContentView.swift */ = {isa = PBXFileReference; lastKnownFileType = sourcecode.swift; path = ContentView.swift; sourceTree = "<group>"; };
		306CC90B2AC3240200DE65AD /* Assets.xcassets */ = {isa = PBXFileReference; lastKnownFileType = folder.assetcatalog; path = Assets.xcassets; sourceTree = "<group>"; };
		306CC90E2AC3240200DE65AD /* Preview Assets.xcassets */ = {isa = PBXFileReference; lastKnownFileType = folder.assetcatalog; path = "Preview Assets.xcassets"; sourceTree = "<group>"; };
		306CC9142AC3240200DE65AD /* iDine 4Tests.xctest */ = {isa = PBXFileReference; explicitFileType = wrapper.cfbundle; includeInIndex = 0; path = "iDine 4Tests.xctest"; sourceTree = BUILT_PRODUCTS_DIR; };
		306CC9182AC3240200DE65AD /* iDine_4Tests.swift */ = {isa = PBXFileReference; lastKnownFileType = sourcecode.swift; path = iDine_4Tests.swift; sourceTree = "<group>"; };
		306CC91E2AC3240200DE65AD /* iDine 4UITests.xctest */ = {isa = PBXFileReference; explicitFileType = wrapper.cfbundle; includeInIndex = 0; path = "iDine 4UITests.xctest"; sourceTree = BUILT_PRODUCTS_DIR; };
		306CC9222AC3240200DE65AD /* iDine_4UITests.swift */ = {isa = PBXFileReference; lastKnownFileType = sourcecode.swift; path = iDine_4UITests.swift; sourceTree = "<group>"; };
		306CC9242AC3240200DE65AD /* iDine_4UITestsLaunchTests.swift */ = {isa = PBXFileReference; lastKnownFileType = sourcecode.swift; path = iDine_4UITestsLaunchTests.swift; sourceTree = "<group>"; };
		306CC9312AC327E100DE65AD /* Helper.swift */ = {isa = PBXFileReference; fileEncoding = 4; lastKnownFileType = sourcecode.swift; path = Helper.swift; sourceTree = "<group>"; };
		306CC9332AC3280400DE65AD /* menu.json */ = {isa = PBXFileReference; fileEncoding = 4; lastKnownFileType = text.json; path = menu.json; sourceTree = "<group>"; };
		306CC9352AC3280B00DE65AD /* Menu.swift */ = {isa = PBXFileReference; fileEncoding = 4; lastKnownFileType = sourcecode.swift; path = Menu.swift; sourceTree = "<group>"; };
		306CC9372AC3281200DE65AD /* Order.swift */ = {isa = PBXFileReference; fileEncoding = 4; lastKnownFileType = sourcecode.swift; path = Order.swift; sourceTree = "<group>"; };
		30806BE12AD7811800B230F4 /* ItemRow.swift */ = {isa = PBXFileReference; lastKnownFileType = sourcecode.swift; path = ItemRow.swift; sourceTree = "<group>"; };
		30806BE32AD78E5100B230F4 /* ItemDetail.swift */ = {isa = PBXFileReference; lastKnownFileType = sourcecode.swift; path = ItemDetail.swift; sourceTree = "<group>"; };
		30806BE52AD791D600B230F4 /* OrderView.swift */ = {isa = PBXFileReference; lastKnownFileType = sourcecode.swift; path = OrderView.swift; sourceTree = "<group>"; };
		30806BE72AD827B800B230F4 /* CheckOutView.swift */ = {isa = PBXFileReference; lastKnownFileType = sourcecode.swift; path = CheckOutView.swift; sourceTree = "<group>"; };
		3091002E2AE6C16000F01AC1 /* BottomBar.swift */ = {isa = PBXFileReference; lastKnownFileType = sourcecode.swift; path = BottomBar.swift; sourceTree = "<group>"; };
/* End PBXFileReference section */

/* Begin PBXFrameworksBuildPhase section */
		306CC9012AC3240100DE65AD /* Frameworks */ = {
			isa = PBXFrameworksBuildPhase;
			buildActionMask = 2147483647;
			files = (
			);
			runOnlyForDeploymentPostprocessing = 0;
		};
		306CC9112AC3240200DE65AD /* Frameworks */ = {
			isa = PBXFrameworksBuildPhase;
			buildActionMask = 2147483647;
			files = (
			);
			runOnlyForDeploymentPostprocessing = 0;
		};
		306CC91B2AC3240200DE65AD /* Frameworks */ = {
			isa = PBXFrameworksBuildPhase;
			buildActionMask = 2147483647;
			files = (
			);
			runOnlyForDeploymentPostprocessing = 0;
		};
/* End PBXFrameworksBuildPhase section */

/* Begin PBXGroup section */
		306CC8FB2AC3240000DE65AD = {
			isa = PBXGroup;
			children = (
				306CC9062AC3240100DE65AD /* iDine 4 */,
				306CC9172AC3240200DE65AD /* iDine 4Tests */,
				306CC9212AC3240200DE65AD /* iDine 4UITests */,
				306CC9052AC3240100DE65AD /* Products */,
			);
			sourceTree = "<group>";
		};
		306CC9052AC3240100DE65AD /* Products */ = {
			isa = PBXGroup;
			children = (
				306CC9042AC3240100DE65AD /* iDine 4.app */,
				306CC9142AC3240200DE65AD /* iDine 4Tests.xctest */,
				306CC91E2AC3240200DE65AD /* iDine 4UITests.xctest */,
			);
			name = Products;
			sourceTree = "<group>";
		};
		306CC9062AC3240100DE65AD /* iDine 4 */ = {
			isa = PBXGroup;
			children = (
				306CC9072AC3240100DE65AD /* iDine_4App.swift */,
				306CC9092AC3240100DE65AD /* ContentView.swift */,
				3091002E2AE6C16000F01AC1 /* BottomBar.swift */,
				30806BE12AD7811800B230F4 /* ItemRow.swift */,
				30806BE52AD791D600B230F4 /* OrderView.swift */,
				30806BE72AD827B800B230F4 /* CheckOutView.swift */,
				306CC9312AC327E100DE65AD /* Helper.swift */,
				30806BE32AD78E5100B230F4 /* ItemDetail.swift */,
				306CC9352AC3280B00DE65AD /* Menu.swift */,
				306CC9372AC3281200DE65AD /* Order.swift */,
				306CC9332AC3280400DE65AD /* menu.json */,
				306CC90B2AC3240200DE65AD /* Assets.xcassets */,
				306CC90D2AC3240200DE65AD /* Preview Content */,
			);
			path = "iDine 4";
			sourceTree = "<group>";
		};
		306CC90D2AC3240200DE65AD /* Preview Content */ = {
			isa = PBXGroup;
			children = (
				306CC90E2AC3240200DE65AD /* Preview Assets.xcassets */,
			);
			path = "Preview Content";
			sourceTree = "<group>";
		};
		306CC9172AC3240200DE65AD /* iDine 4Tests */ = {
			isa = PBXGroup;
			children = (
				306CC9182AC3240200DE65AD /* iDine_4Tests.swift */,
			);
			path = "iDine 4Tests";
			sourceTree = "<group>";
		};
		306CC9212AC3240200DE65AD /* iDine 4UITests */ = {
			isa = PBXGroup;
			children = (
				306CC9222AC3240200DE65AD /* iDine_4UITests.swift */,
				306CC9242AC3240200DE65AD /* iDine_4UITestsLaunchTests.swift */,
			);
			path = "iDine 4UITests";
			sourceTree = "<group>";
		};
/* End PBXGroup section */

/* Begin PBXNativeTarget section */
		306CC9032AC3240100DE65AD /* iDine 4 */ = {
			isa = PBXNativeTarget;
			buildConfigurationList = 306CC9282AC3240200DE65AD /* Build configuration list for PBXNativeTarget "iDine 4" */;
			buildPhases = (
				306CC9002AC3240100DE65AD /* Sources */,
				306CC9012AC3240100DE65AD /* Frameworks */,
				306CC9022AC3240100DE65AD /* Resources */,
			);
			buildRules = (
			);
			dependencies = (
			);
			name = "iDine 4";
			productName = "iDine 4";
			productReference = 306CC9042AC3240100DE65AD /* iDine 4.app */;
			productType = "com.apple.product-type.application";
		};
		306CC9132AC3240200DE65AD /* iDine 4Tests */ = {
			isa = PBXNativeTarget;
			buildConfigurationList = 306CC92B2AC3240200DE65AD /* Build configuration list for PBXNativeTarget "iDine 4Tests" */;
			buildPhases = (
				306CC9102AC3240200DE65AD /* Sources */,
				306CC9112AC3240200DE65AD /* Frameworks */,
				306CC9122AC3240200DE65AD /* Resources */,
			);
			buildRules = (
			);
			dependencies = (
				306CC9162AC3240200DE65AD /* PBXTargetDependency */,
			);
			name = "iDine 4Tests";
			productName = "iDine 4Tests";
			productReference = 306CC9142AC3240200DE65AD /* iDine 4Tests.xctest */;
			productType = "com.apple.product-type.bundle.unit-test";
		};
		306CC91D2AC3240200DE65AD /* iDine 4UITests */ = {
			isa = PBXNativeTarget;
			buildConfigurationList = 306CC92E2AC3240200DE65AD /* Build configuration list for PBXNativeTarget "iDine 4UITests" */;
			buildPhases = (
				306CC91A2AC3240200DE65AD /* Sources */,
				306CC91B2AC3240200DE65AD /* Frameworks */,
				306CC91C2AC3240200DE65AD /* Resources */,
			);
			buildRules = (
			);
			dependencies = (
				306CC9202AC3240200DE65AD /* PBXTargetDependency */,
			);
			name = "iDine 4UITests";
			productName = "iDine 4UITests";
			productReference = 306CC91E2AC3240200DE65AD /* iDine 4UITests.xctest */;
			productType = "com.apple.product-type.bundle.ui-testing";
		};
/* End PBXNativeTarget section */

/* Begin PBXProject section */
		306CC8FC2AC3240000DE65AD /* Project object */ = {
			isa = PBXProject;
			attributes = {
				BuildIndependentTargetsInParallel = 1;
				LastSwiftUpdateCheck = 1500;
				LastUpgradeCheck = 1500;
				TargetAttributes = {
					306CC9032AC3240100DE65AD = {
						CreatedOnToolsVersion = 15.0;
					};
					306CC9132AC3240200DE65AD = {
						CreatedOnToolsVersion = 15.0;
						TestTargetID = 306CC9032AC3240100DE65AD;
					};
					306CC91D2AC3240200DE65AD = {
						CreatedOnToolsVersion = 15.0;
						TestTargetID = 306CC9032AC3240100DE65AD;
					};
				};
			};
			buildConfigurationList = 306CC8FF2AC3240000DE65AD /* Build configuration list for PBXProject "iDine 4" */;
			compatibilityVersion = "Xcode 14.0";
			developmentRegion = en;
			hasScannedForEncodings = 0;
			knownRegions = (
				en,
				Base,
			);
			mainGroup = 306CC8FB2AC3240000DE65AD;
			productRefGroup = 306CC9052AC3240100DE65AD /* Products */;
			projectDirPath = "";
			projectRoot = "";
			targets = (
				306CC9032AC3240100DE65AD /* iDine 4 */,
				306CC9132AC3240200DE65AD /* iDine 4Tests */,
				306CC91D2AC3240200DE65AD /* iDine 4UITests */,
			);
		};
/* End PBXProject section */

/* Begin PBXResourcesBuildPhase section */
		306CC9022AC3240100DE65AD /* Resources */ = {
			isa = PBXResourcesBuildPhase;
			buildActionMask = 2147483647;
			files = (
				306CC9342AC3280400DE65AD /* menu.json in Resources */,
				306CC90F2AC3240200DE65AD /* Preview Assets.xcassets in Resources */,
				306CC90C2AC3240200DE65AD /* Assets.xcassets in Resources */,
			);
			runOnlyForDeploymentPostprocessing = 0;
		};
		306CC9122AC3240200DE65AD /* Resources */ = {
			isa = PBXResourcesBuildPhase;
			buildActionMask = 2147483647;
			files = (
			);
			runOnlyForDeploymentPostprocessing = 0;
		};
		306CC91C2AC3240200DE65AD /* Resources */ = {
			isa = PBXResourcesBuildPhase;
			buildActionMask = 2147483647;
			files = (
			);
			runOnlyForDeploymentPostprocessing = 0;
		};
/* End PBXResourcesBuildPhase section */

/* Begin PBXSourcesBuildPhase section */
		306CC9002AC3240100DE65AD /* Sources */ = {
			isa = PBXSourcesBuildPhase;
			buildActionMask = 2147483647;
			files = (
				30806BE42AD78E5100B230F4 /* ItemDetail.swift in Sources */,
				30806BE82AD827B800B230F4 /* CheckOutView.swift in Sources */,
				30806BE62AD791D600B230F4 /* OrderView.swift in Sources */,
				306CC90A2AC3240100DE65AD /* ContentView.swift in Sources */,
				306CC9082AC3240100DE65AD /* iDine_4App.swift in Sources */,
				306CC9382AC3281200DE65AD /* Order.swift in Sources */,
				3091002F2AE6C16000F01AC1 /* BottomBar.swift in Sources */,
				30806BE22AD7811800B230F4 /* ItemRow.swift in Sources */,
				306CC9362AC3280B00DE65AD /* Menu.swift in Sources */,
				306CC9322AC327E100DE65AD /* Helper.swift in Sources */,
			);
			runOnlyForDeploymentPostprocessing = 0;
		};
		306CC9102AC3240200DE65AD /* Sources */ = {
			isa = PBXSourcesBuildPhase;
			buildActionMask = 2147483647;
			files = (
				306CC9192AC3240200DE65AD /* iDine_4Tests.swift in Sources */,
			);
			runOnlyForDeploymentPostprocessing = 0;
		};
		306CC91A2AC3240200DE65AD /* Sources */ = {
			isa = PBXSourcesBuildPhase;
			buildActionMask = 2147483647;
			files = (
				306CC9232AC3240200DE65AD /* iDine_4UITests.swift in Sources */,
				306CC9252AC3240200DE65AD /* iDine_4UITestsLaunchTests.swift in Sources */,
			);
			runOnlyForDeploymentPostprocessing = 0;
		};
/* End PBXSourcesBuildPhase section */

/* Begin PBXTargetDependency section */
		306CC9162AC3240200DE65AD /* PBXTargetDependency */ = {
			isa = PBXTargetDependency;
			target = 306CC9032AC3240100DE65AD /* iDine 4 */;
			targetProxy = 306CC9152AC3240200DE65AD /* PBXContainerItemProxy */;
		};
		306CC9202AC3240200DE65AD /* PBXTargetDependency */ = {
			isa = PBXTargetDependency;
			target = 306CC9032AC3240100DE65AD /* iDine 4 */;
			targetProxy = 306CC91F2AC3240200DE65AD /* PBXContainerItemProxy */;
		};
/* End PBXTargetDependency section */

/* Begin XCBuildConfiguration section */
		306CC9262AC3240200DE65AD /* Debug */ = {
			isa = XCBuildConfiguration;
			buildSettings = {
				ALWAYS_SEARCH_USER_PATHS = NO;
				ASSETCATALOG_COMPILER_GENERATE_SWIFT_ASSET_SYMBOL_EXTENSIONS = YES;
				CLANG_ANALYZER_NONNULL = YES;
				CLANG_ANALYZER_NUMBER_OBJECT_CONVERSION = YES_AGGRESSIVE;
				CLANG_CXX_LANGUAGE_STANDARD = "gnu++20";
				CLANG_ENABLE_MODULES = YES;
				CLANG_ENABLE_OBJC_ARC = YES;
				CLANG_ENABLE_OBJC_WEAK = YES;
				CLANG_WARN_BLOCK_CAPTURE_AUTORELEASING = YES;
				CLANG_WARN_BOOL_CONVERSION = YES;
				CLANG_WARN_COMMA = YES;
				CLANG_WARN_CONSTANT_CONVERSION = YES;
				CLANG_WARN_DEPRECATED_OBJC_IMPLEMENTATIONS = YES;
				CLANG_WARN_DIRECT_OBJC_ISA_USAGE = YES_ERROR;
				CLANG_WARN_DOCUMENTATION_COMMENTS = YES;
				CLANG_WARN_EMPTY_BODY = YES;
				CLANG_WARN_ENUM_CONVERSION = YES;
				CLANG_WARN_INFINITE_RECURSION = YES;
				CLANG_WARN_INT_CONVERSION = YES;
				CLANG_WARN_NON_LITERAL_NULL_CONVERSION = YES;
				CLANG_WARN_OBJC_IMPLICIT_RETAIN_SELF = YES;
				CLANG_WARN_OBJC_LITERAL_CONVERSION = YES;
				CLANG_WARN_OBJC_ROOT_CLASS = YES_ERROR;
				CLANG_WARN_QUOTED_INCLUDE_IN_FRAMEWORK_HEADER = YES;
				CLANG_WARN_RANGE_LOOP_ANALYSIS = YES;
				CLANG_WARN_STRICT_PROTOTYPES = YES;
				CLANG_WARN_SUSPICIOUS_MOVE = YES;
				CLANG_WARN_UNGUARDED_AVAILABILITY = YES_AGGRESSIVE;
				CLANG_WARN_UNREACHABLE_CODE = YES;
				CLANG_WARN__DUPLICATE_METHOD_MATCH = YES;
				COPY_PHASE_STRIP = NO;
				DEBUG_INFORMATION_FORMAT = dwarf;
				ENABLE_STRICT_OBJC_MSGSEND = YES;
				ENABLE_TESTABILITY = YES;
				ENABLE_USER_SCRIPT_SANDBOXING = YES;
				GCC_C_LANGUAGE_STANDARD = gnu17;
				GCC_DYNAMIC_NO_PIC = NO;
				GCC_NO_COMMON_BLOCKS = YES;
				GCC_OPTIMIZATION_LEVEL = 0;
				GCC_PREPROCESSOR_DEFINITIONS = (
					"DEBUG=1",
					"$(inherited)",
				);
				GCC_WARN_64_TO_32_BIT_CONVERSION = YES;
				GCC_WARN_ABOUT_RETURN_TYPE = YES_ERROR;
				GCC_WARN_UNDECLARED_SELECTOR = YES;
				GCC_WARN_UNINITIALIZED_AUTOS = YES_AGGRESSIVE;
				GCC_WARN_UNUSED_FUNCTION = YES;
				GCC_WARN_UNUSED_VARIABLE = YES;
				IPHONEOS_DEPLOYMENT_TARGET = 17.0;
				LOCALIZATION_PREFERS_STRING_CATALOGS = YES;
				MTL_ENABLE_DEBUG_INFO = INCLUDE_SOURCE;
				MTL_FAST_MATH = YES;
				ONLY_ACTIVE_ARCH = YES;
				SDKROOT = iphoneos;
				SWIFT_ACTIVE_COMPILATION_CONDITIONS = "DEBUG $(inherited)";
				SWIFT_OPTIMIZATION_LEVEL = "-Onone";
			};
			name = Debug;
		};
		306CC9272AC3240200DE65AD /* Release */ = {
			isa = XCBuildConfiguration;
			buildSettings = {
				ALWAYS_SEARCH_USER_PATHS = NO;
				ASSETCATALOG_COMPILER_GENERATE_SWIFT_ASSET_SYMBOL_EXTENSIONS = YES;
				CLANG_ANALYZER_NONNULL = YES;
				CLANG_ANALYZER_NUMBER_OBJECT_CONVERSION = YES_AGGRESSIVE;
				CLANG_CXX_LANGUAGE_STANDARD = "gnu++20";
				CLANG_ENABLE_MODULES = YES;
				CLANG_ENABLE_OBJC_ARC = YES;
				CLANG_ENABLE_OBJC_WEAK = YES;
				CLANG_WARN_BLOCK_CAPTURE_AUTORELEASING = YES;
				CLANG_WARN_BOOL_CONVERSION = YES;
				CLANG_WARN_COMMA = YES;
				CLANG_WARN_CONSTANT_CONVERSION = YES;
				CLANG_WARN_DEPRECATED_OBJC_IMPLEMENTATIONS = YES;
				CLANG_WARN_DIRECT_OBJC_ISA_USAGE = YES_ERROR;
				CLANG_WARN_DOCUMENTATION_COMMENTS = YES;
				CLANG_WARN_EMPTY_BODY = YES;
				CLANG_WARN_ENUM_CONVERSION = YES;
				CLANG_WARN_INFINITE_RECURSION = YES;
				CLANG_WARN_INT_CONVERSION = YES;
				CLANG_WARN_NON_LITERAL_NULL_CONVERSION = YES;
				CLANG_WARN_OBJC_IMPLICIT_RETAIN_SELF = YES;
				CLANG_WARN_OBJC_LITERAL_CONVERSION = YES;
				CLANG_WARN_OBJC_ROOT_CLASS = YES_ERROR;
				CLANG_WARN_QUOTED_INCLUDE_IN_FRAMEWORK_HEADER = YES;
				CLANG_WARN_RANGE_LOOP_ANALYSIS = YES;
				CLANG_WARN_STRICT_PROTOTYPES = YES;
				CLANG_WARN_SUSPICIOUS_MOVE = YES;
				CLANG_WARN_UNGUARDED_AVAILABILITY = YES_AGGRESSIVE;
				CLANG_WARN_UNREACHABLE_CODE = YES;
				CLANG_WARN__DUPLICATE_METHOD_MATCH = YES;
				COPY_PHASE_STRIP = NO;
				DEBUG_INFORMATION_FORMAT = "dwarf-with-dsym";
				ENABLE_NS_ASSERTIONS = NO;
				ENABLE_STRICT_OBJC_MSGSEND = YES;
				ENABLE_USER_SCRIPT_SANDBOXING = YES;
				GCC_C_LANGUAGE_STANDARD = gnu17;
				GCC_NO_COMMON_BLOCKS = YES;
				GCC_WARN_64_TO_32_BIT_CONVERSION = YES;
				GCC_WARN_ABOUT_RETURN_TYPE = YES_ERROR;
				GCC_WARN_UNDECLARED_SELECTOR = YES;
				GCC_WARN_UNINITIALIZED_AUTOS = YES_AGGRESSIVE;
				GCC_WARN_UNUSED_FUNCTION = YES;
				GCC_WARN_UNUSED_VARIABLE = YES;
				IPHONEOS_DEPLOYMENT_TARGET = 17.0;
				LOCALIZATION_PREFERS_STRING_CATALOGS = YES;
				MTL_ENABLE_DEBUG_INFO = NO;
				MTL_FAST_MATH = YES;
				SDKROOT = iphoneos;
				SWIFT_COMPILATION_MODE = wholemodule;
				VALIDATE_PRODUCT = YES;
			};
			name = Release;
		};
		306CC9292AC3240200DE65AD /* Debug */ = {
			isa = XCBuildConfiguration;
			buildSettings = {
				ASSETCATALOG_COMPILER_APPICON_NAME = AppIcon;
				ASSETCATALOG_COMPILER_GLOBAL_ACCENT_COLOR_NAME = AccentColor;
				CODE_SIGN_STYLE = Automatic;
				CURRENT_PROJECT_VERSION = 1;
				DEVELOPMENT_ASSET_PATHS = "\"iDine 4/Preview Content\"";
				DEVELOPMENT_TEAM = NX45SC475G;
				ENABLE_PREVIEWS = YES;
				GENERATE_INFOPLIST_FILE = YES;
				INFOPLIST_KEY_UIApplicationSceneManifest_Generation = YES;
				INFOPLIST_KEY_UIApplicationSupportsIndirectInputEvents = YES;
				INFOPLIST_KEY_UILaunchScreen_Generation = YES;
				INFOPLIST_KEY_UISupportedInterfaceOrientations_iPad = "UIInterfaceOrientationPortrait UIInterfaceOrientationPortraitUpsideDown UIInterfaceOrientationLandscapeLeft UIInterfaceOrientationLandscapeRight";
				INFOPLIST_KEY_UISupportedInterfaceOrientations_iPhone = "UIInterfaceOrientationPortrait UIInterfaceOrientationLandscapeLeft UIInterfaceOrientationLandscapeRight";
				LD_RUNPATH_SEARCH_PATHS = (
					"$(inherited)",
					"@executable_path/Frameworks",
				);
				MARKETING_VERSION = 1.0;
				PRODUCT_BUNDLE_IDENTIFIER = "https---github.com-BaptistChristesen.iDine-4";
				PRODUCT_NAME = "$(TARGET_NAME)";
				SWIFT_EMIT_LOC_STRINGS = YES;
				SWIFT_VERSION = 5.0;
				TARGETED_DEVICE_FAMILY = "1,2";
			};
			name = Debug;
		};
		306CC92A2AC3240200DE65AD /* Release */ = {
			isa = XCBuildConfiguration;
			buildSettings = {
				ASSETCATALOG_COMPILER_APPICON_NAME = AppIcon;
				ASSETCATALOG_COMPILER_GLOBAL_ACCENT_COLOR_NAME = AccentColor;
				CODE_SIGN_STYLE = Automatic;
				CURRENT_PROJECT_VERSION = 1;
				DEVELOPMENT_ASSET_PATHS = "\"iDine 4/Preview Content\"";
				DEVELOPMENT_TEAM = NX45SC475G;
				ENABLE_PREVIEWS = YES;
				GENERATE_INFOPLIST_FILE = YES;
				INFOPLIST_KEY_UIApplicationSceneManifest_Generation = YES;
				INFOPLIST_KEY_UIApplicationSupportsIndirectInputEvents = YES;
				INFOPLIST_KEY_UILaunchScreen_Generation = YES;
				INFOPLIST_KEY_UISupportedInterfaceOrientations_iPad = "UIInterfaceOrientationPortrait UIInterfaceOrientationPortraitUpsideDown UIInterfaceOrientationLandscapeLeft UIInterfaceOrientationLandscapeRight";
				INFOPLIST_KEY_UISupportedInterfaceOrientations_iPhone = "UIInterfaceOrientationPortrait UIInterfaceOrientationLandscapeLeft UIInterfaceOrientationLandscapeRight";
				LD_RUNPATH_SEARCH_PATHS = (
					"$(inherited)",
					"@executable_path/Frameworks",
				);
				MARKETING_VERSION = 1.0;
				PRODUCT_BUNDLE_IDENTIFIER = "https---github.com-BaptistChristesen.iDine-4";
				PRODUCT_NAME = "$(TARGET_NAME)";
				SWIFT_EMIT_LOC_STRINGS = YES;
				SWIFT_VERSION = 5.0;
				TARGETED_DEVICE_FAMILY = "1,2";
			};
			name = Release;
		};
		306CC92C2AC3240200DE65AD /* Debug */ = {
			isa = XCBuildConfiguration;
			buildSettings = {
				ALWAYS_EMBED_SWIFT_STANDARD_LIBRARIES = YES;
				BUNDLE_LOADER = "$(TEST_HOST)";
				CODE_SIGN_STYLE = Automatic;
				CURRENT_PROJECT_VERSION = 1;
				DEVELOPMENT_TEAM = NX45SC475G;
				GENERATE_INFOPLIST_FILE = YES;
				IPHONEOS_DEPLOYMENT_TARGET = 17.0;
				MARKETING_VERSION = 1.0;
				PRODUCT_BUNDLE_IDENTIFIER = "https---github.com-BaptistChristesen.iDine-4Tests";
				PRODUCT_NAME = "$(TARGET_NAME)";
				SWIFT_EMIT_LOC_STRINGS = NO;
				SWIFT_VERSION = 5.0;
				TARGETED_DEVICE_FAMILY = "1,2";
				TEST_HOST = "$(BUILT_PRODUCTS_DIR)/iDine 4.app/$(BUNDLE_EXECUTABLE_FOLDER_PATH)/iDine 4";
			};
			name = Debug;
		};
		306CC92D2AC3240200DE65AD /* Release */ = {
			isa = XCBuildConfiguration;
			buildSettings = {
				ALWAYS_EMBED_SWIFT_STANDARD_LIBRARIES = YES;
				BUNDLE_LOADER = "$(TEST_HOST)";
				CODE_SIGN_STYLE = Automatic;
				CURRENT_PROJECT_VERSION = 1;
				DEVELOPMENT_TEAM = NX45SC475G;
				GENERATE_INFOPLIST_FILE = YES;
				IPHONEOS_DEPLOYMENT_TARGET = 17.0;
				MARKETING_VERSION = 1.0;
				PRODUCT_BUNDLE_IDENTIFIER = "https---github.com-BaptistChristesen.iDine-4Tests";
				PRODUCT_NAME = "$(TARGET_NAME)";
				SWIFT_EMIT_LOC_STRINGS = NO;
				SWIFT_VERSION = 5.0;
				TARGETED_DEVICE_FAMILY = "1,2";
				TEST_HOST = "$(BUILT_PRODUCTS_DIR)/iDine 4.app/$(BUNDLE_EXECUTABLE_FOLDER_PATH)/iDine 4";
			};
			name = Release;
		};
		306CC92F2AC3240200DE65AD /* Debug */ = {
			isa = XCBuildConfiguration;
			buildSettings = {
				ALWAYS_EMBED_SWIFT_STANDARD_LIBRARIES = YES;
				CODE_SIGN_STYLE = Automatic;
				CURRENT_PROJECT_VERSION = 1;
				DEVELOPMENT_TEAM = NX45SC475G;
				GENERATE_INFOPLIST_FILE = YES;
				MARKETING_VERSION = 1.0;
				PRODUCT_BUNDLE_IDENTIFIER = "https---github.com-BaptistChristesen.iDine-4UITests";
				PRODUCT_NAME = "$(TARGET_NAME)";
				SWIFT_EMIT_LOC_STRINGS = NO;
				SWIFT_VERSION = 5.0;
				TARGETED_DEVICE_FAMILY = "1,2";
				TEST_TARGET_NAME = "iDine 4";
			};
			name = Debug;
		};
		306CC9302AC3240200DE65AD /* Release */ = {
			isa = XCBuildConfiguration;
			buildSettings = {
				ALWAYS_EMBED_SWIFT_STANDARD_LIBRARIES = YES;
				CODE_SIGN_STYLE = Automatic;
				CURRENT_PROJECT_VERSION = 1;
				DEVELOPMENT_TEAM = NX45SC475G;
				GENERATE_INFOPLIST_FILE = YES;
				MARKETING_VERSION = 1.0;
				PRODUCT_BUNDLE_IDENTIFIER = "https---github.com-BaptistChristesen.iDine-4UITests";
				PRODUCT_NAME = "$(TARGET_NAME)";
				SWIFT_EMIT_LOC_STRINGS = NO;
				SWIFT_VERSION = 5.0;
				TARGETED_DEVICE_FAMILY = "1,2";
				TEST_TARGET_NAME = "iDine 4";
			};
			name = Release;
		};
/* End XCBuildConfiguration section */

/* Begin XCConfigurationList section */
		306CC8FF2AC3240000DE65AD /* Build configuration list for PBXProject "iDine 4" */ = {
			isa = XCConfigurationList;
			buildConfigurations = (
				306CC9262AC3240200DE65AD /* Debug */,
				306CC9272AC3240200DE65AD /* Release */,
			);
			defaultConfigurationIsVisible = 0;
			defaultConfigurationName = Release;
		};
		306CC9282AC3240200DE65AD /* Build configuration list for PBXNativeTarget "iDine 4" */ = {
			isa = XCConfigurationList;
			buildConfigurations = (
				306CC9292AC3240200DE65AD /* Debug */,
				306CC92A2AC3240200DE65AD /* Release */,
			);
			defaultConfigurationIsVisible = 0;
			defaultConfigurationName = Release;
		};
		306CC92B2AC3240200DE65AD /* Build configuration list for PBXNativeTarget "iDine 4Tests" */ = {
			isa = XCConfigurationList;
			buildConfigurations = (
				306CC92C2AC3240200DE65AD /* Debug */,
				306CC92D2AC3240200DE65AD /* Release */,
			);
			defaultConfigurationIsVisible = 0;
			defaultConfigurationName = Release;
		};
		306CC92E2AC3240200DE65AD /* Build configuration list for PBXNativeTarget "iDine 4UITests" */ = {
			isa = XCConfigurationList;
			buildConfigurations = (
				306CC92F2AC3240200DE65AD /* Debug */,
				306CC9302AC3240200DE65AD /* Release */,
			);
			defaultConfigurationIsVisible = 0;
			defaultConfigurationName = Release;
		};
/* End XCConfigurationList section */
	};
	rootObject = 306CC8FC2AC3240000DE65AD /* Project object */;
}
